{
  "name": "spue",
  "version": "1.9.0",
  "lockfileVersion": 2,
  "requires": true,
  "packages": {
    "": {
      "version": "1.9.0",
      "license": "ISC",
      "dependencies": {
        "chickpea": "^1.9.0",
        "pngjs": "^3.3.3"
      },
      "bin": {
        "spue": "cli.js"
      }
    },
    "node_modules/chickpea": {
      "version": "1.11.0",
      "resolved": "https://registry.npmjs.org/chickpea/-/chickpea-1.11.0.tgz",
      "integrity": "sha512-+vGkAR+eDOVqy7GTKLegvQCe1hCBCfii1Szr7un31nOga4+qPsmPeUxsYpzIfvmlc560NqpGYPcaZpUmFUm6KA==",
      "dependencies": {
        "commander": "^2.20.3",
        "lodash.kebabcase": "^4.1.1"
      }
    },
    "node_modules/commander": {
      "version": "2.20.3",
      "resolved": "https://registry.npmjs.org/commander/-/commander-2.20.3.tgz",
      "integrity": "sha512-GpVkmM8vF2vQUkj2LvZmD35JxeJOLCwJ9cUkugyk2nuhbv3+mJvpLYYt+0+USMxE+oj+ey/lJEnhZw75x/OMcQ=="
    },
    "node_modules/lodash.kebabcase": {
      "version": "4.1.1",
      "resolved": "https://registry.npmjs.org/lodash.kebabcase/-/lodash.kebabcase-4.1.1.tgz",
      "integrity": "sha512-N8XRTIMMqqDgSy4VLKPnJ/+hpGZN+PHQiJnSenYqPaVV/NCqEogTnAdZLQiGKhxX+JCs8waWq2t1XHWKOmlY8g=="
    },
    "node_modules/pngjs": {
      "version": "3.4.0",
      "resolved": "https://registry.npmjs.org/pngjs/-/pngjs-3.4.0.tgz",
      "integrity": "sha512-NCrCHhWmnQklfH4MtJMRjZ2a8c80qXeMlQMv2uVp9ISJMTt562SbGd6n2oq0PaPgKm7Z6pL9E2UlLIhC+SHL3w==",
      "engines": {
        "node": ">=4.0.0"
      }
    }
  },
  "dependencies": {
    "chickpea": {
      "version": "1.11.0",
      "resolved": "https://registry.npmjs.org/chickpea/-/chickpea-1.11.0.tgz",
      "integrity": "sha512-+vGkAR+eDOVqy7GTKLegvQCe1hCBCfii1Szr7un31nOga4+qPsmPeUxsYpzIfvmlc560NqpGYPcaZpUmFUm6KA==",
      "requires": {
        "commander": "^2.20.3",
        "lodash.kebabcase": "^4.1.1"
      }
    },
    "commander": {
      "version": "2.20.3",
      "resolved": "https://registry.npmjs.org/commander/-/commander-2.20.3.tgz",
      "integrity": "sha512-GpVkmM8vF2vQUkj2LvZmD35JxeJOLCwJ9cUkugyk2nuhbv3+mJvpLYYt+0+USMxE+oj+ey/lJEnhZw75x/OMcQ=="
    },
    "lodash.kebabcase": {
      "version": "4.1.1",
      "resolved": "https://registry.npmjs.org/lodash.kebabcase/-/lodash.kebabcase-4.1.1.tgz",
      "integrity": "sha512-N8XRTIMMqqDgSy4VLKPnJ/+hpGZN+PHQiJnSenYqPaVV/NCqEogTnAdZLQiGKhxX+JCs8waWq2t1XHWKOmlY8g=="
    },
    "pngjs": {
      "version": "3.4.0",
      "resolved": "https://registry.npmjs.org/pngjs/-/pngjs-3.4.0.tgz",
      "integrity": "sha512-NCrCHhWmnQklfH4MtJMRjZ2a8c80qXeMlQMv2uVp9ISJMTt562SbGd6n2oq0PaPgKm7Z6pL9E2UlLIhC+SHL3w=="
    }
  }
}
